// !$*UTF8*$!
{
	archiveVersion = 1;
	classes = {
	};
	objectVersion = 56;
	objects = {

/* Begin PBXBuildFile section */
		34D82708299AD5C1007CF379 /* Language.swift in Sources */ = {isa = PBXBuildFile; fileRef = 34D82702299AD5C0007CF379 /* Language.swift */; };
		34D82709299AD5C1007CF379 /* Pokemon_species.swift in Sources */ = {isa = PBXBuildFile; fileRef = 34D82703299AD5C0007CF379 /* Pokemon_species.swift */; };
		34D8270A299AD5C1007CF379 /* PokedexNational.swift in Sources */ = {isa = PBXBuildFile; fileRef = 34D82704299AD5C0007CF379 /* PokedexNational.swift */; };
		34D8270B299AD5C1007CF379 /* Pokemon_entries.swift in Sources */ = {isa = PBXBuildFile; fileRef = 34D82705299AD5C0007CF379 /* Pokemon_entries.swift */; };
		34D8270C299AD5C1007CF379 /* Descriptions.swift in Sources */ = {isa = PBXBuildFile; fileRef = 34D82706299AD5C1007CF379 /* Descriptions.swift */; };
		34D8270D299AD5C1007CF379 /* Names.swift in Sources */ = {isa = PBXBuildFile; fileRef = 34D82707299AD5C1007CF379 /* Names.swift */; };
		34D8270F299AD69B007CF379 /* PokeServices.swift in Sources */ = {isa = PBXBuildFile; fileRef = 34D8270E299AD69B007CF379 /* PokeServices.swift */; };
		34F84531299ADB9D00D09061 /* Namespace.swift in Sources */ = {isa = PBXBuildFile; fileRef = 34F84530299ADB9D00D09061 /* Namespace.swift */; };
		34F84533299ADBF600D09061 /* Namespace+Text.swift in Sources */ = {isa = PBXBuildFile; fileRef = 34F84532299ADBF600D09061 /* Namespace+Text.swift */; };
		34F84537299AE40300D09061 /* SimpleTableViewCell.swift in Sources */ = {isa = PBXBuildFile; fileRef = 34F84535299AE40300D09061 /* SimpleTableViewCell.swift */; };
		34F84538299AE40300D09061 /* SimpleTableViewCell.xib in Resources */ = {isa = PBXBuildFile; fileRef = 34F84536299AE40300D09061 /* SimpleTableViewCell.xib */; };
		34F8453B299AE53000D09061 /* PokeExtension.swift in Sources */ = {isa = PBXBuildFile; fileRef = 34F8453A299AE53000D09061 /* PokeExtension.swift */; };
		A43CD440299AC92700E1F298 /* AppDelegate.swift in Sources */ = {isa = PBXBuildFile; fileRef = A43CD43F299AC92700E1F298 /* AppDelegate.swift */; };
		A43CD442299AC92700E1F298 /* SceneDelegate.swift in Sources */ = {isa = PBXBuildFile; fileRef = A43CD441299AC92700E1F298 /* SceneDelegate.swift */; };
		A43CD444299AC92700E1F298 /* ViewController.swift in Sources */ = {isa = PBXBuildFile; fileRef = A43CD443299AC92700E1F298 /* ViewController.swift */; };
		A43CD447299AC92700E1F298 /* Main.storyboard in Resources */ = {isa = PBXBuildFile; fileRef = A43CD445299AC92700E1F298 /* Main.storyboard */; };
		A43CD449299AC92E00E1F298 /* Assets.xcassets in Resources */ = {isa = PBXBuildFile; fileRef = A43CD448299AC92E00E1F298 /* Assets.xcassets */; };
		A43CD44C299AC92E00E1F298 /* LaunchScreen.storyboard in Resources */ = {isa = PBXBuildFile; fileRef = A43CD44A299AC92E00E1F298 /* LaunchScreen.storyboard */; };
		A43CD459299ACF4C00E1F298 /* Alamofire in Frameworks */ = {isa = PBXBuildFile; productRef = A43CD458299ACF4C00E1F298 /* Alamofire */; };
/* End PBXBuildFile section */

/* Begin PBXFileReference section */
		34D82702299AD5C0007CF379 /* Language.swift */ = {isa = PBXFileReference; fileEncoding = 4; lastKnownFileType = sourcecode.swift; path = Language.swift; sourceTree = "<group>"; };
		34D82703299AD5C0007CF379 /* Pokemon_species.swift */ = {isa = PBXFileReference; fileEncoding = 4; lastKnownFileType = sourcecode.swift; path = Pokemon_species.swift; sourceTree = "<group>"; };
		34D82704299AD5C0007CF379 /* PokedexNational.swift */ = {isa = PBXFileReference; fileEncoding = 4; lastKnownFileType = sourcecode.swift; path = PokedexNational.swift; sourceTree = "<group>"; };
		34D82705299AD5C0007CF379 /* Pokemon_entries.swift */ = {isa = PBXFileReference; fileEncoding = 4; lastKnownFileType = sourcecode.swift; path = Pokemon_entries.swift; sourceTree = "<group>"; };
		34D82706299AD5C1007CF379 /* Descriptions.swift */ = {isa = PBXFileReference; fileEncoding = 4; lastKnownFileType = sourcecode.swift; path = Descriptions.swift; sourceTree = "<group>"; };
		34D82707299AD5C1007CF379 /* Names.swift */ = {isa = PBXFileReference; fileEncoding = 4; lastKnownFileType = sourcecode.swift; path = Names.swift; sourceTree = "<group>"; };
		34D8270E299AD69B007CF379 /* PokeServices.swift */ = {isa = PBXFileReference; lastKnownFileType = sourcecode.swift; name = PokeServices.swift; path = ../../../PokeServices.swift; sourceTree = "<group>"; };
		34F84530299ADB9D00D09061 /* Namespace.swift */ = {isa = PBXFileReference; lastKnownFileType = sourcecode.swift; path = Namespace.swift; sourceTree = "<group>"; };
		34F84532299ADBF600D09061 /* Namespace+Text.swift */ = {isa = PBXFileReference; lastKnownFileType = sourcecode.swift; path = "Namespace+Text.swift"; sourceTree = "<group>"; };
		34F84535299AE40300D09061 /* SimpleTableViewCell.swift */ = {isa = PBXFileReference; lastKnownFileType = sourcecode.swift; path = SimpleTableViewCell.swift; sourceTree = "<group>"; };
		34F84536299AE40300D09061 /* SimpleTableViewCell.xib */ = {isa = PBXFileReference; lastKnownFileType = file.xib; path = SimpleTableViewCell.xib; sourceTree = "<group>"; };
		34F8453A299AE53000D09061 /* PokeExtension.swift */ = {isa = PBXFileReference; lastKnownFileType = sourcecode.swift; path = PokeExtension.swift; sourceTree = "<group>"; };
		A43CD43C299AC92700E1F298 /* PokeDex(V).app */ = {isa = PBXFileReference; explicitFileType = wrapper.application; includeInIndex = 0; path = "PokeDex(V).app"; sourceTree = BUILT_PRODUCTS_DIR; };
		A43CD43F299AC92700E1F298 /* AppDelegate.swift */ = {isa = PBXFileReference; lastKnownFileType = sourcecode.swift; path = AppDelegate.swift; sourceTree = "<group>"; };
		A43CD441299AC92700E1F298 /* SceneDelegate.swift */ = {isa = PBXFileReference; lastKnownFileType = sourcecode.swift; path = SceneDelegate.swift; sourceTree = "<group>"; };
		A43CD443299AC92700E1F298 /* ViewController.swift */ = {isa = PBXFileReference; lastKnownFileType = sourcecode.swift; path = ViewController.swift; sourceTree = "<group>"; };
		A43CD446299AC92700E1F298 /* Base */ = {isa = PBXFileReference; lastKnownFileType = file.storyboard; name = Base; path = Base.lproj/Main.storyboard; sourceTree = "<group>"; };
		A43CD448299AC92E00E1F298 /* Assets.xcassets */ = {isa = PBXFileReference; lastKnownFileType = folder.assetcatalog; path = Assets.xcassets; sourceTree = "<group>"; };
		A43CD44B299AC92E00E1F298 /* Base */ = {isa = PBXFileReference; lastKnownFileType = file.storyboard; name = Base; path = Base.lproj/LaunchScreen.storyboard; sourceTree = "<group>"; };
		A43CD44D299AC92E00E1F298 /* Info.plist */ = {isa = PBXFileReference; lastKnownFileType = text.plist.xml; path = Info.plist; sourceTree = "<group>"; };
/* End PBXFileReference section */

/* Begin PBXFrameworksBuildPhase section */
		A43CD439299AC92700E1F298 /* Frameworks */ = {
			isa = PBXFrameworksBuildPhase;
			buildActionMask = 2147483647;
			files = (
				A43CD459299ACF4C00E1F298 /* Alamofire in Frameworks */,
			);
			runOnlyForDeploymentPostprocessing = 0;
		};
/* End PBXFrameworksBuildPhase section */

/* Begin PBXGroup section */
		34F8452C299AD90000D09061 /* Commons */ = {
			isa = PBXGroup;
			children = (
				34F84539299AE52100D09061 /* Extension */,
				34F8452F299ADB7300D09061 /* Namespace */,
			);
			path = Commons;
			sourceTree = "<group>";
		};
		34F8452F299ADB7300D09061 /* Namespace */ = {
			isa = PBXGroup;
			children = (
				34F84530299ADB9D00D09061 /* Namespace.swift */,
				34F84532299ADBF600D09061 /* Namespace+Text.swift */,
			);
			path = Namespace;
			sourceTree = "<group>";
		};
		34F84534299AE3D100D09061 /* View */ = {
			isa = PBXGroup;
			children = (
				34F84535299AE40300D09061 /* SimpleTableViewCell.swift */,
				34F84536299AE40300D09061 /* SimpleTableViewCell.xib */,
			);
			path = View;
			sourceTree = "<group>";
		};
		34F84539299AE52100D09061 /* Extension */ = {
			isa = PBXGroup;
			children = (
				34F8453A299AE53000D09061 /* PokeExtension.swift */,
			);
			path = Extension;
			sourceTree = "<group>";
		};
		A43CD433299AC92700E1F298 = {
			isa = PBXGroup;
			children = (
				A43CD43E299AC92700E1F298 /* PokeDex(V) */,
				A43CD43D299AC92700E1F298 /* Products */,
			);
			sourceTree = "<group>";
		};
		A43CD43D299AC92700E1F298 /* Products */ = {
			isa = PBXGroup;
			children = (
				A43CD43C299AC92700E1F298 /* PokeDex(V).app */,
			);
			name = Products;
			sourceTree = "<group>";
		};
		A43CD43E299AC92700E1F298 /* PokeDex(V) */ = {
			isa = PBXGroup;
			children = (
				34F84534299AE3D100D09061 /* View */,
				34F8452C299AD90000D09061 /* Commons */,
				A43CD456299ACC7600E1F298 /* Model */,
				A43CD454299ACC5D00E1F298 /* Services */,
				A43CD43F299AC92700E1F298 /* AppDelegate.swift */,
				A43CD441299AC92700E1F298 /* SceneDelegate.swift */,
				A43CD443299AC92700E1F298 /* ViewController.swift */,
				A43CD445299AC92700E1F298 /* Main.storyboard */,
				A43CD448299AC92E00E1F298 /* Assets.xcassets */,
				A43CD44A299AC92E00E1F298 /* LaunchScreen.storyboard */,
				A43CD44D299AC92E00E1F298 /* Info.plist */,
			);
			path = "PokeDex(V)";
			sourceTree = "<group>";
		};
		A43CD453299ACC2F00E1F298 /* MainView */ = {
			isa = PBXGroup;
			children = (
			);
			path = MainView;
			sourceTree = "<group>";
		};
		A43CD454299ACC5D00E1F298 /* Services */ = {
			isa = PBXGroup;
			children = (
				34D8270E299AD69B007CF379 /* PokeServices.swift */,
			);
			path = Services;
			sourceTree = "<group>";
		};
		A43CD456299ACC7600E1F298 /* Model */ = {
			isa = PBXGroup;
			children = (
				34D82706299AD5C1007CF379 /* Descriptions.swift */,
				34D82702299AD5C0007CF379 /* Language.swift */,
				34D82707299AD5C1007CF379 /* Names.swift */,
				34D82704299AD5C0007CF379 /* PokedexNational.swift */,
				34D82705299AD5C0007CF379 /* Pokemon_entries.swift */,
				34D82703299AD5C0007CF379 /* Pokemon_species.swift */,
				A43CD453299ACC2F00E1F298 /* MainView */,
			);
			path = Model;
			sourceTree = "<group>";
		};
/* End PBXGroup section */

/* Begin PBXNativeTarget section */
		A43CD43B299AC92700E1F298 /* PokeDex(V) */ = {
			isa = PBXNativeTarget;
			buildConfigurationList = A43CD450299AC92E00E1F298 /* Build configuration list for PBXNativeTarget "PokeDex(V)" */;
			buildPhases = (
				A43CD438299AC92700E1F298 /* Sources */,
				A43CD439299AC92700E1F298 /* Frameworks */,
				A43CD43A299AC92700E1F298 /* Resources */,
			);
			buildRules = (
			);
			dependencies = (
			);
			name = "PokeDex(V)";
			packageProductDependencies = (
				A43CD458299ACF4C00E1F298 /* Alamofire */,
			);
			productName = "PokeDex(V)";
			productReference = A43CD43C299AC92700E1F298 /* PokeDex(V).app */;
			productType = "com.apple.product-type.application";
		};
/* End PBXNativeTarget section */

/* Begin PBXProject section */
		A43CD434299AC92700E1F298 /* Project object */ = {
			isa = PBXProject;
			attributes = {
				BuildIndependentTargetsInParallel = 1;
				LastSwiftUpdateCheck = 1420;
				LastUpgradeCheck = 1420;
				TargetAttributes = {
					A43CD43B299AC92700E1F298 = {
						CreatedOnToolsVersion = 14.2;
					};
				};
			};
			buildConfigurationList = A43CD437299AC92700E1F298 /* Build configuration list for PBXProject "PokeDex(V)" */;
			compatibilityVersion = "Xcode 14.0";
			developmentRegion = en;
			hasScannedForEncodings = 0;
			knownRegions = (
				en,
				Base,
			);
			mainGroup = A43CD433299AC92700E1F298;
			packageReferences = (
				A43CD457299ACF4C00E1F298 /* XCRemoteSwiftPackageReference "Alamofire" */,
			);
			productRefGroup = A43CD43D299AC92700E1F298 /* Products */;
			projectDirPath = "";
			projectRoot = "";
			targets = (
				A43CD43B299AC92700E1F298 /* PokeDex(V) */,
			);
		};
/* End PBXProject section */

/* Begin PBXResourcesBuildPhase section */
		A43CD43A299AC92700E1F298 /* Resources */ = {
			isa = PBXResourcesBuildPhase;
			buildActionMask = 2147483647;
			files = (
				A43CD44C299AC92E00E1F298 /* LaunchScreen.storyboard in Resources */,
				34F84538299AE40300D09061 /* SimpleTableViewCell.xib in Resources */,
				A43CD449299AC92E00E1F298 /* Assets.xcassets in Resources */,
				A43CD447299AC92700E1F298 /* Main.storyboard in Resources */,
			);
			runOnlyForDeploymentPostprocessing = 0;
		};
/* End PBXResourcesBuildPhase section */

/* Begin PBXSourcesBuildPhase section */
		A43CD438299AC92700E1F298 /* Sources */ = {
			isa = PBXSourcesBuildPhase;
			buildActionMask = 2147483647;
			files = (
				34F84533299ADBF600D09061 /* Namespace+Text.swift in Sources */,
				A43CD444299AC92700E1F298 /* ViewController.swift in Sources */,
				34D8270B299AD5C1007CF379 /* Pokemon_entries.swift in Sources */,
				34D82708299AD5C1007CF379 /* Language.swift in Sources */,
				34D8270D299AD5C1007CF379 /* Names.swift in Sources */,
				34D8270A299AD5C1007CF379 /* PokedexNational.swift in Sources */,
				34D8270C299AD5C1007CF379 /* Descriptions.swift in Sources */,
				34D8270F299AD69B007CF379 /* PokeServices.swift in Sources */,
				A43CD440299AC92700E1F298 /* AppDelegate.swift in Sources */,
				A43CD442299AC92700E1F298 /* SceneDelegate.swift in Sources */,
				34F84537299AE40300D09061 /* SimpleTableViewCell.swift in Sources */,
				34F84531299ADB9D00D09061 /* Namespace.swift in Sources */,
				34F8453B299AE53000D09061 /* PokeExtension.swift in Sources */,
				34D82709299AD5C1007CF379 /* Pokemon_species.swift in Sources */,
			);
			runOnlyForDeploymentPostprocessing = 0;
		};
/* End PBXSourcesBuildPhase section */

/* Begin PBXVariantGroup section */
		A43CD445299AC92700E1F298 /* Main.storyboard */ = {
			isa = PBXVariantGroup;
			children = (
				A43CD446299AC92700E1F298 /* Base */,
			);
			name = Main.storyboard;
			sourceTree = "<group>";
		};
		A43CD44A299AC92E00E1F298 /* LaunchScreen.storyboard */ = {
			isa = PBXVariantGroup;
			children = (
				A43CD44B299AC92E00E1F298 /* Base */,
			);
			name = LaunchScreen.storyboard;
			sourceTree = "<group>";
		};
/* End PBXVariantGroup section */

/* Begin XCBuildConfiguration section */
		A43CD44E299AC92E00E1F298 /* Debug */ = {
			isa = XCBuildConfiguration;
			buildSettings = {
				ALWAYS_SEARCH_USER_PATHS = NO;
				CLANG_ANALYZER_NONNULL = YES;
				CLANG_ANALYZER_NUMBER_OBJECT_CONVERSION = YES_AGGRESSIVE;
				CLANG_CXX_LANGUAGE_STANDARD = "gnu++20";
				CLANG_ENABLE_MODULES = YES;
				CLANG_ENABLE_OBJC_ARC = YES;
				CLANG_ENABLE_OBJC_WEAK = YES;
				CLANG_WARN_BLOCK_CAPTURE_AUTORELEASING = YES;
				CLANG_WARN_BOOL_CONVERSION = YES;
				CLANG_WARN_COMMA = YES;
				CLANG_WARN_CONSTANT_CONVERSION = YES;
				CLANG_WARN_DEPRECATED_OBJC_IMPLEMENTATIONS = YES;
				CLANG_WARN_DIRECT_OBJC_ISA_USAGE = YES_ERROR;
				CLANG_WARN_DOCUMENTATION_COMMENTS = YES;
				CLANG_WARN_EMPTY_BODY = YES;
				CLANG_WARN_ENUM_CONVERSION = YES;
				CLANG_WARN_INFINITE_RECURSION = YES;
				CLANG_WARN_INT_CONVERSION = YES;
				CLANG_WARN_NON_LITERAL_NULL_CONVERSION = YES;
				CLANG_WARN_OBJC_IMPLICIT_RETAIN_SELF = YES;
				CLANG_WARN_OBJC_LITERAL_CONVERSION = YES;
				CLANG_WARN_OBJC_ROOT_CLASS = YES_ERROR;
				CLANG_WARN_QUOTED_INCLUDE_IN_FRAMEWORK_HEADER = YES;
				CLANG_WARN_RANGE_LOOP_ANALYSIS = YES;
				CLANG_WARN_STRICT_PROTOTYPES = YES;
				CLANG_WARN_SUSPICIOUS_MOVE = YES;
				CLANG_WARN_UNGUARDED_AVAILABILITY = YES_AGGRESSIVE;
				CLANG_WARN_UNREACHABLE_CODE = YES;
				CLANG_WARN__DUPLICATE_METHOD_MATCH = YES;
				COPY_PHASE_STRIP = NO;
				DEBUG_INFORMATION_FORMAT = dwarf;
				ENABLE_STRICT_OBJC_MSGSEND = YES;
				ENABLE_TESTABILITY = YES;
				GCC_C_LANGUAGE_STANDARD = gnu11;
				GCC_DYNAMIC_NO_PIC = NO;
				GCC_NO_COMMON_BLOCKS = YES;
				GCC_OPTIMIZATION_LEVEL = 0;
				GCC_PREPROCESSOR_DEFINITIONS = (
					"DEBUG=1",
					"$(inherited)",
				);
				GCC_WARN_64_TO_32_BIT_CONVERSION = YES;
				GCC_WARN_ABOUT_RETURN_TYPE = YES_ERROR;
				GCC_WARN_UNDECLARED_SELECTOR = YES;
				GCC_WARN_UNINITIALIZED_AUTOS = YES_AGGRESSIVE;
				GCC_WARN_UNUSED_FUNCTION = YES;
				GCC_WARN_UNUSED_VARIABLE = YES;
				IPHONEOS_DEPLOYMENT_TARGET = 16.2;
				MTL_ENABLE_DEBUG_INFO = INCLUDE_SOURCE;
				MTL_FAST_MATH = YES;
				ONLY_ACTIVE_ARCH = YES;
				SDKROOT = iphoneos;
				SWIFT_ACTIVE_COMPILATION_CONDITIONS = DEBUG;
				SWIFT_OPTIMIZATION_LEVEL = "-Onone";
			};
			name = Debug;
		};
		A43CD44F299AC92E00E1F298 /* Release */ = {
			isa = XCBuildConfiguration;
			buildSettings = {
				ALWAYS_SEARCH_USER_PATHS = NO;
				CLANG_ANALYZER_NONNULL = YES;
				CLANG_ANALYZER_NUMBER_OBJECT_CONVERSION = YES_AGGRESSIVE;
				CLANG_CXX_LANGUAGE_STANDARD = "gnu++20";
				CLANG_ENABLE_MODULES = YES;
				CLANG_ENABLE_OBJC_ARC = YES;
				CLANG_ENABLE_OBJC_WEAK = YES;
				CLANG_WARN_BLOCK_CAPTURE_AUTORELEASING = YES;
				CLANG_WARN_BOOL_CONVERSION = YES;
				CLANG_WARN_COMMA = YES;
				CLANG_WARN_CONSTANT_CONVERSION = YES;
				CLANG_WARN_DEPRECATED_OBJC_IMPLEMENTATIONS = YES;
				CLANG_WARN_DIRECT_OBJC_ISA_USAGE = YES_ERROR;
				CLANG_WARN_DOCUMENTATION_COMMENTS = YES;
				CLANG_WARN_EMPTY_BODY = YES;
				CLANG_WARN_ENUM_CONVERSION = YES;
				CLANG_WARN_INFINITE_RECURSION = YES;
				CLANG_WARN_INT_CONVERSION = YES;
				CLANG_WARN_NON_LITERAL_NULL_CONVERSION = YES;
				CLANG_WARN_OBJC_IMPLICIT_RETAIN_SELF = YES;
				CLANG_WARN_OBJC_LITERAL_CONVERSION = YES;
				CLANG_WARN_OBJC_ROOT_CLASS = YES_ERROR;
				CLANG_WARN_QUOTED_INCLUDE_IN_FRAMEWORK_HEADER = YES;
				CLANG_WARN_RANGE_LOOP_ANALYSIS = YES;
				CLANG_WARN_STRICT_PROTOTYPES = YES;
				CLANG_WARN_SUSPICIOUS_MOVE = YES;
				CLANG_WARN_UNGUARDED_AVAILABILITY = YES_AGGRESSIVE;
				CLANG_WARN_UNREACHABLE_CODE = YES;
				CLANG_WARN__DUPLICATE_METHOD_MATCH = YES;
				COPY_PHASE_STRIP = NO;
				DEBUG_INFORMATION_FORMAT = "dwarf-with-dsym";
				ENABLE_NS_ASSERTIONS = NO;
				ENABLE_STRICT_OBJC_MSGSEND = YES;
				GCC_C_LANGUAGE_STANDARD = gnu11;
				GCC_NO_COMMON_BLOCKS = YES;
				GCC_WARN_64_TO_32_BIT_CONVERSION = YES;
				GCC_WARN_ABOUT_RETURN_TYPE = YES_ERROR;
				GCC_WARN_UNDECLARED_SELECTOR = YES;
				GCC_WARN_UNINITIALIZED_AUTOS = YES_AGGRESSIVE;
				GCC_WARN_UNUSED_FUNCTION = YES;
				GCC_WARN_UNUSED_VARIABLE = YES;
				IPHONEOS_DEPLOYMENT_TARGET = 16.2;
				MTL_ENABLE_DEBUG_INFO = NO;
				MTL_FAST_MATH = YES;
				SDKROOT = iphoneos;
				SWIFT_COMPILATION_MODE = wholemodule;
				SWIFT_OPTIMIZATION_LEVEL = "-O";
				VALIDATE_PRODUCT = YES;
			};
			name = Release;
		};
		A43CD451299AC92E00E1F298 /* Debug */ = {
			isa = XCBuildConfiguration;
			buildSettings = {
				ASSETCATALOG_COMPILER_APPICON_NAME = AppIcon;
				ASSETCATALOG_COMPILER_GLOBAL_ACCENT_COLOR_NAME = AccentColor;
				CODE_SIGN_STYLE = Automatic;
				CURRENT_PROJECT_VERSION = 1;
				DEVELOPMENT_TEAM = T2SGY3LL4V;
				GENERATE_INFOPLIST_FILE = YES;
				INFOPLIST_FILE = "PokeDex(V)/Info.plist";
				INFOPLIST_KEY_UIApplicationSupportsIndirectInputEvents = YES;
				INFOPLIST_KEY_UILaunchStoryboardName = LaunchScreen;
				INFOPLIST_KEY_UIMainStoryboardFile = Main;
				INFOPLIST_KEY_UISupportedInterfaceOrientations = UIInterfaceOrientationPortrait;
				INFOPLIST_KEY_UISupportedInterfaceOrientations_iPad = "UIInterfaceOrientationLandscapeLeft UIInterfaceOrientationLandscapeRight UIInterfaceOrientationPortrait UIInterfaceOrientationPortraitUpsideDown";
				IPHONEOS_DEPLOYMENT_TARGET = 15.0;
				LD_RUNPATH_SEARCH_PATHS = (
					"$(inherited)",
					"@executable_path/Frameworks",
				);
				MARKETING_VERSION = 1.0;
				PRODUCT_BUNDLE_IDENTIFIER = "com.PokeDex-V-";
				PRODUCT_NAME = "$(TARGET_NAME)";
				SUPPORTED_PLATFORMS = "iphoneos iphonesimulator";
				SUPPORTS_MACCATALYST = NO;
				SUPPORTS_MAC_DESIGNED_FOR_IPHONE_IPAD = NO;
				SWIFT_EMIT_LOC_STRINGS = YES;
				SWIFT_VERSION = 5.0;
				TARGETED_DEVICE_FAMILY = 1;
			};
			name = Debug;
		};
		A43CD452299AC92E00E1F298 /* Release */ = {
			isa = XCBuildConfiguration;
			buildSettings = {
				ASSETCATALOG_COMPILER_APPICON_NAME = AppIcon;
				ASSETCATALOG_COMPILER_GLOBAL_ACCENT_COLOR_NAME = AccentColor;
				CODE_SIGN_STYLE = Automatic;
				CURRENT_PROJECT_VERSION = 1;
				DEVELOPMENT_TEAM = T2SGY3LL4V;
				GENERATE_INFOPLIST_FILE = YES;
				INFOPLIST_FILE = "PokeDex(V)/Info.plist";
				INFOPLIST_KEY_UIApplicationSupportsIndirectInputEvents = YES;
				INFOPLIST_KEY_UILaunchStoryboardName = LaunchScreen;
				INFOPLIST_KEY_UIMainStoryboardFile = Main;
				INFOPLIST_KEY_UISupportedInterfaceOrientations = UIInterfaceOrientationPortrait;
				INFOPLIST_KEY_UISupportedInterfaceOrientations_iPad = "UIInterfaceOrientationLandscapeLeft UIInterfaceOrientationLandscapeRight UIInterfaceOrientationPortrait UIInterfaceOrientationPortraitUpsideDown";
				IPHONEOS_DEPLOYMENT_TARGET = 15.0;
				LD_RUNPATH_SEARCH_PATHS = (
					"$(inherited)",
					"@executable_path/Frameworks",
				);
				MARKETING_VERSION = 1.0;
				PRODUCT_BUNDLE_IDENTIFIER = "com.PokeDex-V-";
				PRODUCT_NAME = "$(TARGET_NAME)";
				SUPPORTED_PLATFORMS = "iphoneos iphonesimulator";
				SUPPORTS_MACCATALYST = NO;
				SUPPORTS_MAC_DESIGNED_FOR_IPHONE_IPAD = NO;
				SWIFT_EMIT_LOC_STRINGS = YES;
				SWIFT_VERSION = 5.0;
				TARGETED_DEVICE_FAMILY = 1;
			};
			name = Release;
		};
/* End XCBuildConfiguration section */

/* Begin XCConfigurationList section */
		A43CD437299AC92700E1F298 /* Build configuration list for PBXProject "PokeDex(V)" */ = {
			isa = XCConfigurationList;
			buildConfigurations = (
				A43CD44E299AC92E00E1F298 /* Debug */,
				A43CD44F299AC92E00E1F298 /* Release */,
			);
			defaultConfigurationIsVisible = 0;
			defaultConfigurationName = Release;
		};
		A43CD450299AC92E00E1F298 /* Build configuration list for PBXNativeTarget "PokeDex(V)" */ = {
			isa = XCConfigurationList;
			buildConfigurations = (
				A43CD451299AC92E00E1F298 /* Debug */,
				A43CD452299AC92E00E1F298 /* Release */,
			);
			defaultConfigurationIsVisible = 0;
			defaultConfigurationName = Release;
		};
/* End XCConfigurationList section */

/* Begin XCRemoteSwiftPackageReference section */
		A43CD457299ACF4C00E1F298 /* XCRemoteSwiftPackageReference "Alamofire" */ = {
			isa = XCRemoteSwiftPackageReference;
			repositoryURL = "https://github.com/Alamofire/Alamofire.git";
			requirement = {
				kind = upToNextMajorVersion;
				minimumVersion = 5.0.0;
			};
		};
/* End XCRemoteSwiftPackageReference section */

/* Begin XCSwiftPackageProductDependency section */
		A43CD458299ACF4C00E1F298 /* Alamofire */ = {
			isa = XCSwiftPackageProductDependency;
			package = A43CD457299ACF4C00E1F298 /* XCRemoteSwiftPackageReference "Alamofire" */;
			productName = Alamofire;
		};
/* End XCSwiftPackageProductDependency section */
	};
	rootObject = A43CD434299AC92700E1F298 /* Project object */;
}
